
Microsoft Visual Studio Solution File, Format Version 12.00
# Visual Studio Version 17
VisualStudioVersion = 17.1.32414.318
MinimumVisualStudioVersion = 10.0.40219.1
Project("{8BC9CEB8-8B4A-11D0-8D11-00A0C91BC942}") = "SqueakyEngine", "SqueakyEngine\SqueakyEngine.vcxproj", "{518FCF4B-42E1-41EE-9F9E-94E7CF383898}"
EndProject
Project("{8BC9CEB8-8B4A-11D0-8D11-00A0C91BC942}") = "Lunar", "Lunar\Lunar.vcxproj", "{21843E30-7712-4E57-ADCE-93216F16375F}"
EndProject
Project("{8BC9CEB8-8B4A-11D0-8D11-00A0C91BC942}") = "ImGui", "ImGui\ImGui.vcxproj", "{ABD648E6-2FCA-444A-831D-8B940254F862}"
EndProject
Global
	GlobalSection(SolutionConfigurationPlatforms) = preSolution
		Debug|x64 = Debug|x64
		Debug|x86 = Debug|x86
		Release|x64 = Release|x64
		Release|x86 = Release|x86
	EndGlobalSection
	GlobalSection(ProjectConfigurationPlatforms) = postSolution
		{518FCF4B-42E1-41EE-9F9E-94E7CF383898}.Debug|x64.ActiveCfg = Debug|x64
		{518FCF4B-42E1-41EE-9F9E-94E7CF383898}.Debug|x64.Build.0 = Debug|x64
		{518FCF4B-42E1-41EE-9F9E-94E7CF383898}.Debug|x86.ActiveCfg = Debug|Win32
		{518FCF4B-42E1-41EE-9F9E-94E7CF383898}.Debug|x86.Build.0 = Debug|Win32
		{518FCF4B-42E1-41EE-9F9E-94E7CF383898}.Release|x64.ActiveCfg = Release|x64
		{518FCF4B-42E1-41EE-9F9E-94E7CF383898}.Release|x64.Build.0 = Release|x64
		{518FCF4B-42E1-41EE-9F9E-94E7CF383898}.Release|x86.ActiveCfg = Release|Win32
		{518FCF4B-42E1-41EE-9F9E-94E7CF383898}.Release|x86.Build.0 = Release|Win32
		{21843E30-7712-4E57-ADCE-93216F16375F}.Debug|x64.ActiveCfg = Debug|x64
		{21843E30-7712-4E57-ADCE-93216F16375F}.Debug|x64.Build.0 = Debug|x64
		{21843E30-7712-4E57-ADCE-93216F16375F}.Debug|x86.ActiveCfg = Debug|Win32
		{21843E30-7712-4E57-ADCE-93216F16375F}.Debug|x86.Build.0 = Debug|Win32
		{21843E30-7712-4E57-ADCE-93216F16375F}.Release|x64.ActiveCfg = Release|x64
		{21843E30-7712-4E57-ADCE-93216F16375F}.Release|x64.Build.0 = Release|x64
		{21843E30-7712-4E57-ADCE-93216F16375F}.Release|x86.ActiveCfg = Release|Win32
		{21843E30-7712-4E57-ADCE-93216F16375F}.Release|x86.Build.0 = Release|Win32
		{ABD648E6-2FCA-444A-831D-8B940254F862}.Debug|x64.ActiveCfg = Debug|x64
		{ABD648E6-2FCA-444A-831D-8B940254F862}.Debug|x64.Build.0 = Debug|x64
		{ABD648E6-2FCA-444A-831D-8B940254F862}.Debug|x86.ActiveCfg = Debug|Win32
		{ABD648E6-2FCA-444A-831D-8B940254F862}.Debug|x86.Build.0 = Debug|Win32
		{ABD648E6-2FCA-444A-831D-8B940254F862}.Release|x64.ActiveCfg = Release|x64
		{ABD648E6-2FCA-444A-831D-8B940254F862}.Release|x64.Build.0 = Release|x64
		{ABD648E6-2FCA-444A-831D-8B940254F862}.Release|x86.ActiveCfg = Release|Win32
		{ABD648E6-2FCA-444A-831D-8B940254F862}.Release|x86.Build.0 = Release|Win32
	EndGlobalSection
	GlobalSection(SolutionProperties) = preSolution
		HideSolutionNode = FALSE
	EndGlobalSection
	GlobalSection(ExtensibilityGlobals) = postSolution
		SolutionGuid = {5E4A2E3B-F2BC-4307-A94D-BCAA9D9CC528}
	EndGlobalSection
EndGlobal
