
Microsoft Visual Studio Solution File, Format Version 12.00
# Visual Studio Version 17
Project("{2150E333-8FDC-42A3-9474-1A3956D46DE8}") = "CMakePredefinedTargets", "CMakePredefinedTargets", "{BF08B7B0-16D1-3C4A-A837-117E7DE8F3F4}"
EndProject
Project("{2150E333-8FDC-42A3-9474-1A3956D46DE8}") = "GLFW3", "GLFW3", "{68CF49F5-871F-3879-AA36-DFEEB336CB31}"
EndProject
Project("{8BC9CEB8-8B4A-11D0-8D11-00A0C91BC942}") = "ALL_BUILD", "ALL_BUILD.vcxproj", "{73EE1B95-EA9C-3CFE-98F7-E4312B1F9633}"
	ProjectSection(ProjectDependencies) = postProject
		{A20712CC-039C-34BC-809E-3C34FB7CD896} = {A20712CC-039C-34BC-809E-3C34FB7CD896}
		{D9209C08-71F6-316C-96CA-72B924A9F2B2} = {D9209C08-71F6-316C-96CA-72B924A9F2B2}
	EndProjectSection
EndProject
Project("{8BC9CEB8-8B4A-11D0-8D11-00A0C91BC942}") = "INSTALL", "INSTALL.vcxproj", "{2582384E-B320-3E48-8A04-11A5A0F4C08E}"
	ProjectSection(ProjectDependencies) = postProject
		{73EE1B95-EA9C-3CFE-98F7-E4312B1F9633} = {73EE1B95-EA9C-3CFE-98F7-E4312B1F9633}
		{A20712CC-039C-34BC-809E-3C34FB7CD896} = {A20712CC-039C-34BC-809E-3C34FB7CD896}
	EndProjectSection
EndProject
Project("{8BC9CEB8-8B4A-11D0-8D11-00A0C91BC942}") = "ZERO_CHECK", "ZERO_CHECK.vcxproj", "{A20712CC-039C-34BC-809E-3C34FB7CD896}"
	ProjectSection(ProjectDependencies) = postProject
	EndProjectSection
EndProject
Project("{8BC9CEB8-8B4A-11D0-8D11-00A0C91BC942}") = "glfw", "src\glfw.vcxproj", "{D9209C08-71F6-316C-96CA-72B924A9F2B2}"
	ProjectSection(ProjectDependencies) = postProject
		{A20712CC-039C-34BC-809E-3C34FB7CD896} = {A20712CC-039C-34BC-809E-3C34FB7CD896}
	EndProjectSection
EndProject
Project("{8BC9CEB8-8B4A-11D0-8D11-00A0C91BC942}") = "uninstall", "uninstall.vcxproj", "{571AEFCA-6CCA-32D4-A7FA-33910B2B2432}"
	ProjectSection(ProjectDependencies) = postProject
		{A20712CC-039C-34BC-809E-3C34FB7CD896} = {A20712CC-039C-34BC-809E-3C34FB7CD896}
	EndProjectSection
EndProject
Project("{8BC9CEB8-8B4A-11D0-8D11-00A0C91BC942}") = "update_mappings", "src\update_mappings.vcxproj", "{EE08B6F6-D804-349D-AB32-1F2356B37A42}"
	ProjectSection(ProjectDependencies) = postProject
		{A20712CC-039C-34BC-809E-3C34FB7CD896} = {A20712CC-039C-34BC-809E-3C34FB7CD896}
	EndProjectSection
EndProject
Global
	GlobalSection(SolutionConfigurationPlatforms) = preSolution
		Debug|x64 = Debug|x64
		Release|x64 = Release|x64
		MinSizeRel|x64 = MinSizeRel|x64
		RelWithDebInfo|x64 = RelWithDebInfo|x64
	EndGlobalSection
	GlobalSection(ProjectConfigurationPlatforms) = postSolution
		{73EE1B95-EA9C-3CFE-98F7-E4312B1F9633}.Debug|x64.ActiveCfg = Debug|x64
		{73EE1B95-EA9C-3CFE-98F7-E4312B1F9633}.Debug|x64.Build.0 = Debug|x64
		{73EE1B95-EA9C-3CFE-98F7-E4312B1F9633}.Release|x64.ActiveCfg = Release|x64
		{73EE1B95-EA9C-3CFE-98F7-E4312B1F9633}.Release|x64.Build.0 = Release|x64
		{73EE1B95-EA9C-3CFE-98F7-E4312B1F9633}.MinSizeRel|x64.ActiveCfg = MinSizeRel|x64
		{73EE1B95-EA9C-3CFE-98F7-E4312B1F9633}.MinSizeRel|x64.Build.0 = MinSizeRel|x64
		{73EE1B95-EA9C-3CFE-98F7-E4312B1F9633}.RelWithDebInfo|x64.ActiveCfg = RelWithDebInfo|x64
		{73EE1B95-EA9C-3CFE-98F7-E4312B1F9633}.RelWithDebInfo|x64.Build.0 = RelWithDebInfo|x64
		{2582384E-B320-3E48-8A04-11A5A0F4C08E}.Debug|x64.ActiveCfg = Debug|x64
		{2582384E-B320-3E48-8A04-11A5A0F4C08E}.Release|x64.ActiveCfg = Release|x64
		{2582384E-B320-3E48-8A04-11A5A0F4C08E}.MinSizeRel|x64.ActiveCfg = MinSizeRel|x64
		{2582384E-B320-3E48-8A04-11A5A0F4C08E}.RelWithDebInfo|x64.ActiveCfg = RelWithDebInfo|x64
		{A20712CC-039C-34BC-809E-3C34FB7CD896}.Debug|x64.ActiveCfg = Debug|x64
		{A20712CC-039C-34BC-809E-3C34FB7CD896}.Debug|x64.Build.0 = Debug|x64
		{A20712CC-039C-34BC-809E-3C34FB7CD896}.Release|x64.ActiveCfg = Release|x64
		{A20712CC-039C-34BC-809E-3C34FB7CD896}.Release|x64.Build.0 = Release|x64
		{A20712CC-039C-34BC-809E-3C34FB7CD896}.MinSizeRel|x64.ActiveCfg = MinSizeRel|x64
		{A20712CC-039C-34BC-809E-3C34FB7CD896}.MinSizeRel|x64.Build.0 = MinSizeRel|x64
		{A20712CC-039C-34BC-809E-3C34FB7CD896}.RelWithDebInfo|x64.ActiveCfg = RelWithDebInfo|x64
		{A20712CC-039C-34BC-809E-3C34FB7CD896}.RelWithDebInfo|x64.Build.0 = RelWithDebInfo|x64
		{D9209C08-71F6-316C-96CA-72B924A9F2B2}.Debug|x64.ActiveCfg = Debug|x64
		{D9209C08-71F6-316C-96CA-72B924A9F2B2}.Debug|x64.Build.0 = Debug|x64
		{D9209C08-71F6-316C-96CA-72B924A9F2B2}.Release|x64.ActiveCfg = Release|x64
		{D9209C08-71F6-316C-96CA-72B924A9F2B2}.Release|x64.Build.0 = Release|x64
		{D9209C08-71F6-316C-96CA-72B924A9F2B2}.MinSizeRel|x64.ActiveCfg = MinSizeRel|x64
		{D9209C08-71F6-316C-96CA-72B924A9F2B2}.MinSizeRel|x64.Build.0 = MinSizeRel|x64
		{D9209C08-71F6-316C-96CA-72B924A9F2B2}.RelWithDebInfo|x64.ActiveCfg = RelWithDebInfo|x64
		{D9209C08-71F6-316C-96CA-72B924A9F2B2}.RelWithDebInfo|x64.Build.0 = RelWithDebInfo|x64
		{571AEFCA-6CCA-32D4-A7FA-33910B2B2432}.Debug|x64.ActiveCfg = Debug|x64
		{571AEFCA-6CCA-32D4-A7FA-33910B2B2432}.Release|x64.ActiveCfg = Release|x64
		{571AEFCA-6CCA-32D4-A7FA-33910B2B2432}.MinSizeRel|x64.ActiveCfg = MinSizeRel|x64
		{571AEFCA-6CCA-32D4-A7FA-33910B2B2432}.RelWithDebInfo|x64.ActiveCfg = RelWithDebInfo|x64
		{EE08B6F6-D804-349D-AB32-1F2356B37A42}.Debug|x64.ActiveCfg = Debug|x64
		{EE08B6F6-D804-349D-AB32-1F2356B37A42}.Release|x64.ActiveCfg = Release|x64
		{EE08B6F6-D804-349D-AB32-1F2356B37A42}.MinSizeRel|x64.ActiveCfg = MinSizeRel|x64
		{EE08B6F6-D804-349D-AB32-1F2356B37A42}.RelWithDebInfo|x64.ActiveCfg = RelWithDebInfo|x64
	EndGlobalSection
	GlobalSection(NestedProjects) = preSolution
		{73EE1B95-EA9C-3CFE-98F7-E4312B1F9633} = {BF08B7B0-16D1-3C4A-A837-117E7DE8F3F4}
		{2582384E-B320-3E48-8A04-11A5A0F4C08E} = {BF08B7B0-16D1-3C4A-A837-117E7DE8F3F4}
		{A20712CC-039C-34BC-809E-3C34FB7CD896} = {BF08B7B0-16D1-3C4A-A837-117E7DE8F3F4}
		{D9209C08-71F6-316C-96CA-72B924A9F2B2} = {68CF49F5-871F-3879-AA36-DFEEB336CB31}
		{571AEFCA-6CCA-32D4-A7FA-33910B2B2432} = {68CF49F5-871F-3879-AA36-DFEEB336CB31}
		{EE08B6F6-D804-349D-AB32-1F2356B37A42} = {68CF49F5-871F-3879-AA36-DFEEB336CB31}
	EndGlobalSection
	GlobalSection(ExtensibilityGlobals) = postSolution
		SolutionGuid = {D168E707-68E9-3BDD-B006-4C64CA1CF21D}
	EndGlobalSection
	GlobalSection(ExtensibilityAddIns) = postSolution
	EndGlobalSection
EndGlobal
